{
    "_readme": [
        "This file locks the dependencies of your project to a known state",
        "Read more about it at http://getcomposer.org/doc/01-basic-usage.md#composer-lock-the-lock-file",
        "This file is @generated automatically"
    ],
    "hash": "1baf6332ae51b625a510b4313cffac2c",
    "packages": [
        {
            "name": "hashids/hashids",
            "version": "dev-master",
            "source": {
                "type": "git",
                "url": "https://github.com/ivanakimov/hashids.php.git",
                "reference": "991a88b01b01b053fbd39a56780a66e572f1dc1a"
            },
            "dist": {
                "type": "zip",
                "url": "https://api.github.com/repos/ivanakimov/hashids.php/zipball/991a88b01b01b053fbd39a56780a66e572f1dc1a",
                "reference": "991a88b01b01b053fbd39a56780a66e572f1dc1a",
                "shasum": ""
            },
            "require": {
                "php": ">=5.3.0"
            },
            "require-dev": {
                "phpunit/phpunit": "3.7.*"
            },
            "type": "library",
            "extra": {
                "branch-alias": {
                    "dev-master": "1.0-dev"
                }
            },
            "autoload": {
                "psr-0": {
                    "Hashids": "lib/"
                }
            },
            "notification-url": "https://packagist.org/downloads/",
            "license": [
                "MIT"
            ],
            "authors": [
                {
                    "name": "Ivan Akimov",
                    "email": "ivan@barreleye.com",
                    "homepage": "https://twitter.com/IvanAkimov"
                }
            ],
            "description": "Generate hashids like YouTube or Bitly from numbers to obfuscate your database primary ids, or navigate to the right shard.",
            "homepage": "http://hashids.org/php",
            "keywords": [
                "bitly",
                "decrypt",
                "encrypt",
                "hash",
                "hashid",
                "hashids",
                "ids",
                "obfuscate",
                "youtube"
            ],
            "time": "2015-01-21 00:49:41"
        },
        {
            "name": "united-prototype/php-ga",
            "version": "dev-composer",
            "source": {
                "type": "git",
                "url": "https://github.com/Fran6co/php-ga.git",
                "reference": "8ef68c423d53e90837143e35d88ba4b4eb3f5562"
            },
            "dist": {
                "type": "zip",
                "url": "https://api.github.com/repos/Fran6co/php-ga/zipball/8ef68c423d53e90837143e35d88ba4b4eb3f5562",
                "reference": "8ef68c423d53e90837143e35d88ba4b4eb3f5562",
                "shasum": ""
            },
            "require": {
                "php": ">=5.3.0"
            },
            "type": "library",
            "autoload": {
                "psr-0": {
                    "UnitedPrototype\\GoogleAnalytics": "src/"
                }
            },
            "notification-url": "https://packagist.org/downloads/",
            "license": [
                "LGPL-3.0"
            ],
            "authors": [
                {
                    "name": "Thomas Bachem",
                    "email": "mail@thomasbachem.com",
                    "homepage": "http://blog.unitedprototype.com/",
                    "role": "Developer"
                }
            ],
            "description": "\"ga.js in PHP\" - Implementation of a generic server-side Google Analytics client in PHP that implements nearly every parameter and tracking feature of the original GA Javascript client.",
            "homepage": "https://github.com/thomasbachem/php-ga",
            "keywords": [
                "analytics",
                "google",
                "server"
            ],
            "time": "2013-10-06 13:45:38"
        }
    ],
    "packages-dev": [],
    "aliases": [],
    "minimum-stability": "dev",
    "stability-flags": {
        "hashids/hashids": 20,
        "united-prototype/php-ga": 20
    },
    "prefer-stable": false,
    "prefer-lowest": false,
    "platform": {
        "php": ">=5.3.2"
    },
    "platform-dev": []
}
